
Microsoft Visual Studio Solution File, Format Version 12.00
# Visual Studio Version 16
VisualStudioVersion = 16.0.30114.105
MinimumVisualStudioVersion = 10.0.40219.1
Project("{FAE04EC0-301F-11D3-BF4B-00C04F79EFBC}") = "ProEventos.Application", "ProEventos.Application\ProEventos.Application.csproj", "{620FB887-4019-4804-8D19-07B7DE5168EA}"
EndProject
Project("{FAE04EC0-301F-11D3-BF4B-00C04F79EFBC}") = "ProEventos.Domain", "ProEventos.Domain\ProEventos.Domain.csproj", "{EF1683C3-E492-48FF-BFAE-FD44C0AA0DD2}"
EndProject
Project("{FAE04EC0-301F-11D3-BF4B-00C04F79EFBC}") = "ProEventos.API", "ProEventos.Api\ProEventos.API.csproj", "{7716CD1D-3F7A-4F23-B5D8-8D4BA5E0C2A6}"
EndProject
Project("{FAE04EC0-301F-11D3-BF4B-00C04F79EFBC}") = "ProEventos.Persistence", "ProEventos.Persistence\ProEventos.Persistence.csproj", "{2F679EBC-72E8-49A0-A9CB-8B5399066855}"
EndProject
Global
	GlobalSection(SolutionConfigurationPlatforms) = preSolution
		Debug|Any CPU = Debug|Any CPU
		Debug|x64 = Debug|x64
		Debug|x86 = Debug|x86
		Release|Any CPU = Release|Any CPU
		Release|x64 = Release|x64
		Release|x86 = Release|x86
	EndGlobalSection
	GlobalSection(SolutionProperties) = preSolution
		HideSolutionNode = FALSE
	EndGlobalSection
	GlobalSection(ProjectConfigurationPlatforms) = postSolution
		{620FB887-4019-4804-8D19-07B7DE5168EA}.Debug|Any CPU.ActiveCfg = Debug|Any CPU
		{620FB887-4019-4804-8D19-07B7DE5168EA}.Debug|Any CPU.Build.0 = Debug|Any CPU
		{620FB887-4019-4804-8D19-07B7DE5168EA}.Debug|x64.ActiveCfg = Debug|Any CPU
		{620FB887-4019-4804-8D19-07B7DE5168EA}.Debug|x64.Build.0 = Debug|Any CPU
		{620FB887-4019-4804-8D19-07B7DE5168EA}.Debug|x86.ActiveCfg = Debug|Any CPU
		{620FB887-4019-4804-8D19-07B7DE5168EA}.Debug|x86.Build.0 = Debug|Any CPU
		{620FB887-4019-4804-8D19-07B7DE5168EA}.Release|Any CPU.ActiveCfg = Release|Any CPU
		{620FB887-4019-4804-8D19-07B7DE5168EA}.Release|Any CPU.Build.0 = Release|Any CPU
		{620FB887-4019-4804-8D19-07B7DE5168EA}.Release|x64.ActiveCfg = Release|Any CPU
		{620FB887-4019-4804-8D19-07B7DE5168EA}.Release|x64.Build.0 = Release|Any CPU
		{620FB887-4019-4804-8D19-07B7DE5168EA}.Release|x86.ActiveCfg = Release|Any CPU
		{620FB887-4019-4804-8D19-07B7DE5168EA}.Release|x86.Build.0 = Release|Any CPU
		{EF1683C3-E492-48FF-BFAE-FD44C0AA0DD2}.Debug|Any CPU.ActiveCfg = Debug|Any CPU
		{EF1683C3-E492-48FF-BFAE-FD44C0AA0DD2}.Debug|Any CPU.Build.0 = Debug|Any CPU
		{EF1683C3-E492-48FF-BFAE-FD44C0AA0DD2}.Debug|x64.ActiveCfg = Debug|Any CPU
		{EF1683C3-E492-48FF-BFAE-FD44C0AA0DD2}.Debug|x64.Build.0 = Debug|Any CPU
		{EF1683C3-E492-48FF-BFAE-FD44C0AA0DD2}.Debug|x86.ActiveCfg = Debug|Any CPU
		{EF1683C3-E492-48FF-BFAE-FD44C0AA0DD2}.Debug|x86.Build.0 = Debug|Any CPU
		{EF1683C3-E492-48FF-BFAE-FD44C0AA0DD2}.Release|Any CPU.ActiveCfg = Release|Any CPU
		{EF1683C3-E492-48FF-BFAE-FD44C0AA0DD2}.Release|Any CPU.Build.0 = Release|Any CPU
		{EF1683C3-E492-48FF-BFAE-FD44C0AA0DD2}.Release|x64.ActiveCfg = Release|Any CPU
		{EF1683C3-E492-48FF-BFAE-FD44C0AA0DD2}.Release|x64.Build.0 = Release|Any CPU
		{EF1683C3-E492-48FF-BFAE-FD44C0AA0DD2}.Release|x86.ActiveCfg = Release|Any CPU
		{EF1683C3-E492-48FF-BFAE-FD44C0AA0DD2}.Release|x86.Build.0 = Release|Any CPU
		{7716CD1D-3F7A-4F23-B5D8-8D4BA5E0C2A6}.Debug|Any CPU.ActiveCfg = Debug|Any CPU
		{7716CD1D-3F7A-4F23-B5D8-8D4BA5E0C2A6}.Debug|Any CPU.Build.0 = Debug|Any CPU
		{7716CD1D-3F7A-4F23-B5D8-8D4BA5E0C2A6}.Debug|x64.ActiveCfg = Debug|Any CPU
		{7716CD1D-3F7A-4F23-B5D8-8D4BA5E0C2A6}.Debug|x64.Build.0 = Debug|Any CPU
		{7716CD1D-3F7A-4F23-B5D8-8D4BA5E0C2A6}.Debug|x86.ActiveCfg = Debug|Any CPU
		{7716CD1D-3F7A-4F23-B5D8-8D4BA5E0C2A6}.Debug|x86.Build.0 = Debug|Any CPU
		{7716CD1D-3F7A-4F23-B5D8-8D4BA5E0C2A6}.Release|Any CPU.ActiveCfg = Release|Any CPU
		{7716CD1D-3F7A-4F23-B5D8-8D4BA5E0C2A6}.Release|Any CPU.Build.0 = Release|Any CPU
		{7716CD1D-3F7A-4F23-B5D8-8D4BA5E0C2A6}.Release|x64.ActiveCfg = Release|Any CPU
		{7716CD1D-3F7A-4F23-B5D8-8D4BA5E0C2A6}.Release|x64.Build.0 = Release|Any CPU
		{7716CD1D-3F7A-4F23-B5D8-8D4BA5E0C2A6}.Release|x86.ActiveCfg = Release|Any CPU
		{7716CD1D-3F7A-4F23-B5D8-8D4BA5E0C2A6}.Release|x86.Build.0 = Release|Any CPU
		{2F679EBC-72E8-49A0-A9CB-8B5399066855}.Debug|Any CPU.ActiveCfg = Debug|Any CPU
		{2F679EBC-72E8-49A0-A9CB-8B5399066855}.Debug|Any CPU.Build.0 = Debug|Any CPU
		{2F679EBC-72E8-49A0-A9CB-8B5399066855}.Debug|x64.ActiveCfg = Debug|Any CPU
		{2F679EBC-72E8-49A0-A9CB-8B5399066855}.Debug|x64.Build.0 = Debug|Any CPU
		{2F679EBC-72E8-49A0-A9CB-8B5399066855}.Debug|x86.ActiveCfg = Debug|Any CPU
		{2F679EBC-72E8-49A0-A9CB-8B5399066855}.Debug|x86.Build.0 = Debug|Any CPU
		{2F679EBC-72E8-49A0-A9CB-8B5399066855}.Release|Any CPU.ActiveCfg = Release|Any CPU
		{2F679EBC-72E8-49A0-A9CB-8B5399066855}.Release|Any CPU.Build.0 = Release|Any CPU
		{2F679EBC-72E8-49A0-A9CB-8B5399066855}.Release|x64.ActiveCfg = Release|Any CPU
		{2F679EBC-72E8-49A0-A9CB-8B5399066855}.Release|x64.Build.0 = Release|Any CPU
		{2F679EBC-72E8-49A0-A9CB-8B5399066855}.Release|x86.ActiveCfg = Release|Any CPU
		{2F679EBC-72E8-49A0-A9CB-8B5399066855}.Release|x86.Build.0 = Release|Any CPU
	EndGlobalSection
EndGlobal
